
Microsoft Visual Studio Solution File, Format Version 12.00
# Visual Studio Version 17
VisualStudioVersion = 17.14.36511.14
MinimumVisualStudioVersion = 10.0.40219.1
Project("{8BC9CEB8-8B4A-11D0-8D11-00A0C91BC942}") = "BnsDatafilePlugin_Template", "BnsDatafilePlugin_Template\BnsDatafilePlugin_Template.vcxproj", "{08AA3A4A-5C78-4DDA-A902-E912A3229BD8}"
EndProject
Project("{2150E333-8FDC-42A3-9474-1A3956D46DE8}") = "Solution Items", "Solution Items", "{8EC462FD-D22E-90A8-E5CE-7E832BA40C5D}"
	ProjectSection(SolutionItems) = preProject
		README.md = README.md
	EndProjectSection
EndProject
Global
	GlobalSection(SolutionConfigurationPlatforms) = preSolution
		DebugEU|x64 = DebugEU|x64
		DebugEU|x86 = DebugEU|x86
		DebugKR|x64 = DebugKR|x64
		DebugKR|x86 = DebugKR|x86
		ReleaseEU|x64 = ReleaseEU|x64
		ReleaseEU|x86 = ReleaseEU|x86
		ReleaseKR|x64 = ReleaseKR|x64
		ReleaseKR|x86 = ReleaseKR|x86
	EndGlobalSection
	GlobalSection(ProjectConfigurationPlatforms) = postSolution
		{08AA3A4A-5C78-4DDA-A902-E912A3229BD8}.DebugEU|x64.ActiveCfg = DebugEU|x64
		{08AA3A4A-5C78-4DDA-A902-E912A3229BD8}.DebugEU|x64.Build.0 = DebugEU|x64
		{08AA3A4A-5C78-4DDA-A902-E912A3229BD8}.DebugEU|x86.ActiveCfg = DebugEU|Win32
		{08AA3A4A-5C78-4DDA-A902-E912A3229BD8}.DebugEU|x86.Build.0 = DebugEU|Win32
		{08AA3A4A-5C78-4DDA-A902-E912A3229BD8}.DebugKR|x64.ActiveCfg = DebugKR|x64
		{08AA3A4A-5C78-4DDA-A902-E912A3229BD8}.DebugKR|x64.Build.0 = DebugKR|x64
		{08AA3A4A-5C78-4DDA-A902-E912A3229BD8}.DebugKR|x86.ActiveCfg = DebugKR|Win32
		{08AA3A4A-5C78-4DDA-A902-E912A3229BD8}.DebugKR|x86.Build.0 = DebugKR|Win32
		{08AA3A4A-5C78-4DDA-A902-E912A3229BD8}.ReleaseEU|x64.ActiveCfg = ReleaseEU|x64
		{08AA3A4A-5C78-4DDA-A902-E912A3229BD8}.ReleaseEU|x64.Build.0 = ReleaseEU|x64
		{08AA3A4A-5C78-4DDA-A902-E912A3229BD8}.ReleaseEU|x86.ActiveCfg = ReleaseEU|Win32
		{08AA3A4A-5C78-4DDA-A902-E912A3229BD8}.ReleaseEU|x86.Build.0 = ReleaseEU|Win32
		{08AA3A4A-5C78-4DDA-A902-E912A3229BD8}.ReleaseKR|x64.ActiveCfg = ReleaseKR|x64
		{08AA3A4A-5C78-4DDA-A902-E912A3229BD8}.ReleaseKR|x64.Build.0 = ReleaseKR|x64
		{08AA3A4A-5C78-4DDA-A902-E912A3229BD8}.ReleaseKR|x86.ActiveCfg = ReleaseKR|Win32
		{08AA3A4A-5C78-4DDA-A902-E912A3229BD8}.ReleaseKR|x86.Build.0 = ReleaseKR|Win32
	EndGlobalSection
	GlobalSection(SolutionProperties) = preSolution
		HideSolutionNode = FALSE
	EndGlobalSection
	GlobalSection(ExtensibilityGlobals) = postSolution
		SolutionGuid = {FCABCA54-37A4-4C66-8E96-DB99B1006226}
	EndGlobalSection
EndGlobal
